
Microsoft Visual Studio Solution File, Format Version 12.00
# Visual Studio Version 16
VisualStudioVersion = 16.0.29926.136
MinimumVisualStudioVersion = 10.0.40219.1
Project("{9A19103F-16F7-4668-BE54-9A1E7A4F7556}") = "CastIt", "CastIt\CastIt.csproj", "{644DE111-1F10-42A4-92A0-0E9F5217CC01}"
EndProject
Project("{930C7802-8A8C-48F9-8165-68863BCCD9DD}") = "CastIt.Setup", "CastIt.Setup\CastIt.Setup.wixproj", "{CAEE4ECB-1448-4468-9776-01F5FEB188BE}"
EndProject
Project("{9A19103F-16F7-4668-BE54-9A1E7A4F7556}") = "CastIt.GoogleCast", "CastIt.GoogleCast\CastIt.GoogleCast.csproj", "{6C18B012-420F-4289-A8B2-941B7433C0DC}"
EndProject
Project("{9A19103F-16F7-4668-BE54-9A1E7A4F7556}") = "CastIt.Domain", "CastIt.Domain\CastIt.Domain.csproj", "{E060BBBC-BBFF-4F24-82BF-4829B686CC00}"
EndProject
Project("{9A19103F-16F7-4668-BE54-9A1E7A4F7556}") = "CastIt.Application", "CastIt.Application\CastIt.Application.csproj", "{F9CBC91A-5551-4A63-9E69-ACD64964A45F}"
EndProject
Project("{9A19103F-16F7-4668-BE54-9A1E7A4F7556}") = "CastIt.Shared", "CastIt.Shared\CastIt.Shared.csproj", "{7360B277-3764-41F0-A1C8-D586C4CB5A9D}"
EndProject
Project("{9A19103F-16F7-4668-BE54-9A1E7A4F7556}") = "CastIt.Infrastructure", "CastIt.Infrastructure\CastIt.Infrastructure.csproj", "{DF7A861A-F8A6-4D49-8D10-8AB2E4999D2C}"
EndProject
Project("{2150E333-8FDC-42A3-9474-1A3956D46DE8}") = "Setups", "Setups", "{BC7DAE32-56A5-47EC-811A-D0861DD01FFD}"
EndProject
Project("{9A19103F-16F7-4668-BE54-9A1E7A4F7556}") = "CastIt.Cli", "CastIt.Cli\CastIt.Cli.csproj", "{99B5C9DB-E0FA-4A36-9CFC-2F2755861F14}"
EndProject
Project("{930C7802-8A8C-48F9-8165-68863BCCD9DD}") = "CastIt.Cli.Setup", "CastIt.Cli.Setup\CastIt.Cli.Setup.wixproj", "{C8841EB1-E5AE-44D2-B05E-AECA86542E94}"
EndProject
Project("{9A19103F-16F7-4668-BE54-9A1E7A4F7556}") = "CastIt.Server", "CastIt.Server\CastIt.Server.csproj", "{B9D63988-20D5-4825-BCC9-1C20F0B8C89D}"
EndProject
Project("{9A19103F-16F7-4668-BE54-9A1E7A4F7556}") = "CastIt.GoogleCast.Shared", "CastIt.GoogleCast.Shared\CastIt.GoogleCast.Shared.csproj", "{61B96245-1E21-4008-A021-DB20ECAE707F}"
EndProject
Project("{9A19103F-16F7-4668-BE54-9A1E7A4F7556}") = "CastIt.Server.Windows.TrayIcon", "CastIt.Server.Windows.TrayIcon\CastIt.Server.Windows.TrayIcon.csproj", "{4BBCAD2C-93CF-4525-B400-E0F364BC6D20}"
EndProject
Project("{930C7802-8A8C-48F9-8165-68863BCCD9DD}") = "CastIt.Server.Setup", "CastIt.Server.Setup\CastIt.Server.Setup.wixproj", "{A8A568FC-1841-48CB-948E-16887F96602E}"
EndProject
Global
	GlobalSection(SolutionConfigurationPlatforms) = preSolution
		Debug|Any CPU = Debug|Any CPU
		Debug|x64 = Debug|x64
		Debug|x86 = Debug|x86
		Release|Any CPU = Release|Any CPU
		Release|x64 = Release|x64
		Release|x86 = Release|x86
	EndGlobalSection
	GlobalSection(ProjectConfigurationPlatforms) = postSolution
		{644DE111-1F10-42A4-92A0-0E9F5217CC01}.Debug|Any CPU.ActiveCfg = Debug|x86
		{644DE111-1F10-42A4-92A0-0E9F5217CC01}.Debug|Any CPU.Build.0 = Debug|x86
		{644DE111-1F10-42A4-92A0-0E9F5217CC01}.Debug|x64.ActiveCfg = Debug|x64
		{644DE111-1F10-42A4-92A0-0E9F5217CC01}.Debug|x64.Build.0 = Debug|x64
		{644DE111-1F10-42A4-92A0-0E9F5217CC01}.Debug|x86.ActiveCfg = Debug|x86
		{644DE111-1F10-42A4-92A0-0E9F5217CC01}.Debug|x86.Build.0 = Debug|x86
		{644DE111-1F10-42A4-92A0-0E9F5217CC01}.Release|Any CPU.ActiveCfg = Release|x86
		{644DE111-1F10-42A4-92A0-0E9F5217CC01}.Release|Any CPU.Build.0 = Release|x86
		{644DE111-1F10-42A4-92A0-0E9F5217CC01}.Release|x64.ActiveCfg = Release|x64
		{644DE111-1F10-42A4-92A0-0E9F5217CC01}.Release|x64.Build.0 = Release|x64
		{644DE111-1F10-42A4-92A0-0E9F5217CC01}.Release|x86.ActiveCfg = Release|x86
		{644DE111-1F10-42A4-92A0-0E9F5217CC01}.Release|x86.Build.0 = Release|x86
		{CAEE4ECB-1448-4468-9776-01F5FEB188BE}.Debug|Any CPU.ActiveCfg = Debug|x86
		{CAEE4ECB-1448-4468-9776-01F5FEB188BE}.Debug|x64.ActiveCfg = Debug|x64
		{CAEE4ECB-1448-4468-9776-01F5FEB188BE}.Debug|x64.Build.0 = Debug|x64
		{CAEE4ECB-1448-4468-9776-01F5FEB188BE}.Debug|x86.ActiveCfg = Debug|x86
		{CAEE4ECB-1448-4468-9776-01F5FEB188BE}.Debug|x86.Build.0 = Debug|x86
		{CAEE4ECB-1448-4468-9776-01F5FEB188BE}.Release|Any CPU.ActiveCfg = Release|x86
		{CAEE4ECB-1448-4468-9776-01F5FEB188BE}.Release|x64.ActiveCfg = Release|x64
		{CAEE4ECB-1448-4468-9776-01F5FEB188BE}.Release|x64.Build.0 = Release|x64
		{CAEE4ECB-1448-4468-9776-01F5FEB188BE}.Release|x86.ActiveCfg = Release|x86
		{CAEE4ECB-1448-4468-9776-01F5FEB188BE}.Release|x86.Build.0 = Release|x86
		{6C18B012-420F-4289-A8B2-941B7433C0DC}.Debug|Any CPU.ActiveCfg = Debug|Any CPU
		{6C18B012-420F-4289-A8B2-941B7433C0DC}.Debug|Any CPU.Build.0 = Debug|Any CPU
		{6C18B012-420F-4289-A8B2-941B7433C0DC}.Debug|x64.ActiveCfg = Debug|Any CPU
		{6C18B012-420F-4289-A8B2-941B7433C0DC}.Debug|x64.Build.0 = Debug|Any CPU
		{6C18B012-420F-4289-A8B2-941B7433C0DC}.Debug|x86.ActiveCfg = Debug|Any CPU
		{6C18B012-420F-4289-A8B2-941B7433C0DC}.Debug|x86.Build.0 = Debug|Any CPU
		{6C18B012-420F-4289-A8B2-941B7433C0DC}.Release|Any CPU.ActiveCfg = Release|Any CPU
		{6C18B012-420F-4289-A8B2-941B7433C0DC}.Release|Any CPU.Build.0 = Release|Any CPU
		{6C18B012-420F-4289-A8B2-941B7433C0DC}.Release|x64.ActiveCfg = Release|Any CPU
		{6C18B012-420F-4289-A8B2-941B7433C0DC}.Release|x64.Build.0 = Release|Any CPU
		{6C18B012-420F-4289-A8B2-941B7433C0DC}.Release|x86.ActiveCfg = Release|Any CPU
		{6C18B012-420F-4289-A8B2-941B7433C0DC}.Release|x86.Build.0 = Release|Any CPU
		{E060BBBC-BBFF-4F24-82BF-4829B686CC00}.Debug|Any CPU.ActiveCfg = Debug|Any CPU
		{E060BBBC-BBFF-4F24-82BF-4829B686CC00}.Debug|Any CPU.Build.0 = Debug|Any CPU
		{E060BBBC-BBFF-4F24-82BF-4829B686CC00}.Debug|x64.ActiveCfg = Debug|Any CPU
		{E060BBBC-BBFF-4F24-82BF-4829B686CC00}.Debug|x64.Build.0 = Debug|Any CPU
		{E060BBBC-BBFF-4F24-82BF-4829B686CC00}.Debug|x86.ActiveCfg = Debug|Any CPU
		{E060BBBC-BBFF-4F24-82BF-4829B686CC00}.Debug|x86.Build.0 = Debug|Any CPU
		{E060BBBC-BBFF-4F24-82BF-4829B686CC00}.Release|Any CPU.ActiveCfg = Release|Any CPU
		{E060BBBC-BBFF-4F24-82BF-4829B686CC00}.Release|Any CPU.Build.0 = Release|Any CPU
		{E060BBBC-BBFF-4F24-82BF-4829B686CC00}.Release|x64.ActiveCfg = Release|Any CPU
		{E060BBBC-BBFF-4F24-82BF-4829B686CC00}.Release|x64.Build.0 = Release|Any CPU
		{E060BBBC-BBFF-4F24-82BF-4829B686CC00}.Release|x86.ActiveCfg = Release|Any CPU
		{E060BBBC-BBFF-4F24-82BF-4829B686CC00}.Release|x86.Build.0 = Release|Any CPU
		{F9CBC91A-5551-4A63-9E69-ACD64964A45F}.Debug|Any CPU.ActiveCfg = Debug|Any CPU
		{F9CBC91A-5551-4A63-9E69-ACD64964A45F}.Debug|Any CPU.Build.0 = Debug|Any CPU
		{F9CBC91A-5551-4A63-9E69-ACD64964A45F}.Debug|x64.ActiveCfg = Debug|Any CPU
		{F9CBC91A-5551-4A63-9E69-ACD64964A45F}.Debug|x64.Build.0 = Debug|Any CPU
		{F9CBC91A-5551-4A63-9E69-ACD64964A45F}.Debug|x86.ActiveCfg = Debug|Any CPU
		{F9CBC91A-5551-4A63-9E69-ACD64964A45F}.Debug|x86.Build.0 = Debug|Any CPU
		{F9CBC91A-5551-4A63-9E69-ACD64964A45F}.Release|Any CPU.ActiveCfg = Release|Any CPU
		{F9CBC91A-5551-4A63-9E69-ACD64964A45F}.Release|Any CPU.Build.0 = Release|Any CPU
		{F9CBC91A-5551-4A63-9E69-ACD64964A45F}.Release|x64.ActiveCfg = Release|Any CPU
		{F9CBC91A-5551-4A63-9E69-ACD64964A45F}.Release|x64.Build.0 = Release|Any CPU
		{F9CBC91A-5551-4A63-9E69-ACD64964A45F}.Release|x86.ActiveCfg = Release|Any CPU
		{F9CBC91A-5551-4A63-9E69-ACD64964A45F}.Release|x86.Build.0 = Release|Any CPU
		{7360B277-3764-41F0-A1C8-D586C4CB5A9D}.Debug|Any CPU.ActiveCfg = Debug|Any CPU
		{7360B277-3764-41F0-A1C8-D586C4CB5A9D}.Debug|Any CPU.Build.0 = Debug|Any CPU
		{7360B277-3764-41F0-A1C8-D586C4CB5A9D}.Debug|x64.ActiveCfg = Debug|Any CPU
		{7360B277-3764-41F0-A1C8-D586C4CB5A9D}.Debug|x64.Build.0 = Debug|Any CPU
		{7360B277-3764-41F0-A1C8-D586C4CB5A9D}.Debug|x86.ActiveCfg = Debug|Any CPU
		{7360B277-3764-41F0-A1C8-D586C4CB5A9D}.Debug|x86.Build.0 = Debug|Any CPU
		{7360B277-3764-41F0-A1C8-D586C4CB5A9D}.Release|Any CPU.ActiveCfg = Release|Any CPU
		{7360B277-3764-41F0-A1C8-D586C4CB5A9D}.Release|Any CPU.Build.0 = Release|Any CPU
		{7360B277-3764-41F0-A1C8-D586C4CB5A9D}.Release|x64.ActiveCfg = Release|Any CPU
		{7360B277-3764-41F0-A1C8-D586C4CB5A9D}.Release|x64.Build.0 = Release|Any CPU
		{7360B277-3764-41F0-A1C8-D586C4CB5A9D}.Release|x86.ActiveCfg = Release|Any CPU
		{7360B277-3764-41F0-A1C8-D586C4CB5A9D}.Release|x86.Build.0 = Release|Any CPU
		{DF7A861A-F8A6-4D49-8D10-8AB2E4999D2C}.Debug|Any CPU.ActiveCfg = Debug|Any CPU
		{DF7A861A-F8A6-4D49-8D10-8AB2E4999D2C}.Debug|Any CPU.Build.0 = Debug|Any CPU
		{DF7A861A-F8A6-4D49-8D10-8AB2E4999D2C}.Debug|x64.ActiveCfg = Debug|Any CPU
		{DF7A861A-F8A6-4D49-8D10-8AB2E4999D2C}.Debug|x64.Build.0 = Debug|Any CPU
		{DF7A861A-F8A6-4D49-8D10-8AB2E4999D2C}.Debug|x86.ActiveCfg = Debug|Any CPU
		{DF7A861A-F8A6-4D49-8D10-8AB2E4999D2C}.Debug|x86.Build.0 = Debug|Any CPU
		{DF7A861A-F8A6-4D49-8D10-8AB2E4999D2C}.Release|Any CPU.ActiveCfg = Release|Any CPU
		{DF7A861A-F8A6-4D49-8D10-8AB2E4999D2C}.Release|Any CPU.Build.0 = Release|Any CPU
		{DF7A861A-F8A6-4D49-8D10-8AB2E4999D2C}.Release|x64.ActiveCfg = Release|Any CPU
		{DF7A861A-F8A6-4D49-8D10-8AB2E4999D2C}.Release|x64.Build.0 = Release|Any CPU
		{DF7A861A-F8A6-4D49-8D10-8AB2E4999D2C}.Release|x86.ActiveCfg = Release|Any CPU
		{DF7A861A-F8A6-4D49-8D10-8AB2E4999D2C}.Release|x86.Build.0 = Release|Any CPU
		{99B5C9DB-E0FA-4A36-9CFC-2F2755861F14}.Debug|Any CPU.ActiveCfg = Debug|Any CPU
		{99B5C9DB-E0FA-4A36-9CFC-2F2755861F14}.Debug|Any CPU.Build.0 = Debug|Any CPU
		{99B5C9DB-E0FA-4A36-9CFC-2F2755861F14}.Debug|x64.ActiveCfg = Debug|Any CPU
		{99B5C9DB-E0FA-4A36-9CFC-2F2755861F14}.Debug|x64.Build.0 = Debug|Any CPU
		{99B5C9DB-E0FA-4A36-9CFC-2F2755861F14}.Debug|x86.ActiveCfg = Debug|Any CPU
		{99B5C9DB-E0FA-4A36-9CFC-2F2755861F14}.Debug|x86.Build.0 = Debug|Any CPU
		{99B5C9DB-E0FA-4A36-9CFC-2F2755861F14}.Release|Any CPU.ActiveCfg = Release|Any CPU
		{99B5C9DB-E0FA-4A36-9CFC-2F2755861F14}.Release|Any CPU.Build.0 = Release|Any CPU
		{99B5C9DB-E0FA-4A36-9CFC-2F2755861F14}.Release|x64.ActiveCfg = Release|Any CPU
		{99B5C9DB-E0FA-4A36-9CFC-2F2755861F14}.Release|x64.Build.0 = Release|Any CPU
		{99B5C9DB-E0FA-4A36-9CFC-2F2755861F14}.Release|x86.ActiveCfg = Release|Any CPU
		{99B5C9DB-E0FA-4A36-9CFC-2F2755861F14}.Release|x86.Build.0 = Release|Any CPU
		{C8841EB1-E5AE-44D2-B05E-AECA86542E94}.Debug|Any CPU.ActiveCfg = Debug|x86
		{C8841EB1-E5AE-44D2-B05E-AECA86542E94}.Debug|x64.ActiveCfg = Debug|x64
		{C8841EB1-E5AE-44D2-B05E-AECA86542E94}.Debug|x64.Build.0 = Debug|x64
		{C8841EB1-E5AE-44D2-B05E-AECA86542E94}.Debug|x86.ActiveCfg = Debug|x86
		{C8841EB1-E5AE-44D2-B05E-AECA86542E94}.Debug|x86.Build.0 = Debug|x86
		{C8841EB1-E5AE-44D2-B05E-AECA86542E94}.Release|Any CPU.ActiveCfg = Release|x86
		{C8841EB1-E5AE-44D2-B05E-AECA86542E94}.Release|x64.ActiveCfg = Release|x64
		{C8841EB1-E5AE-44D2-B05E-AECA86542E94}.Release|x64.Build.0 = Release|x64
		{C8841EB1-E5AE-44D2-B05E-AECA86542E94}.Release|x86.ActiveCfg = Release|x86
		{C8841EB1-E5AE-44D2-B05E-AECA86542E94}.Release|x86.Build.0 = Release|x86
		{B9D63988-20D5-4825-BCC9-1C20F0B8C89D}.Debug|Any CPU.ActiveCfg = Debug|Any CPU
		{B9D63988-20D5-4825-BCC9-1C20F0B8C89D}.Debug|Any CPU.Build.0 = Debug|Any CPU
		{B9D63988-20D5-4825-BCC9-1C20F0B8C89D}.Debug|x64.ActiveCfg = Debug|Any CPU
		{B9D63988-20D5-4825-BCC9-1C20F0B8C89D}.Debug|x64.Build.0 = Debug|Any CPU
		{B9D63988-20D5-4825-BCC9-1C20F0B8C89D}.Debug|x86.ActiveCfg = Debug|Any CPU
		{B9D63988-20D5-4825-BCC9-1C20F0B8C89D}.Debug|x86.Build.0 = Debug|Any CPU
		{B9D63988-20D5-4825-BCC9-1C20F0B8C89D}.Release|Any CPU.ActiveCfg = Release|Any CPU
		{B9D63988-20D5-4825-BCC9-1C20F0B8C89D}.Release|Any CPU.Build.0 = Release|Any CPU
		{B9D63988-20D5-4825-BCC9-1C20F0B8C89D}.Release|x64.ActiveCfg = Release|Any CPU
		{B9D63988-20D5-4825-BCC9-1C20F0B8C89D}.Release|x64.Build.0 = Release|Any CPU
		{B9D63988-20D5-4825-BCC9-1C20F0B8C89D}.Release|x86.ActiveCfg = Release|Any CPU
		{B9D63988-20D5-4825-BCC9-1C20F0B8C89D}.Release|x86.Build.0 = Release|Any CPU
		{61B96245-1E21-4008-A021-DB20ECAE707F}.Debug|Any CPU.ActiveCfg = Debug|Any CPU
		{61B96245-1E21-4008-A021-DB20ECAE707F}.Debug|Any CPU.Build.0 = Debug|Any CPU
		{61B96245-1E21-4008-A021-DB20ECAE707F}.Debug|x64.ActiveCfg = Debug|Any CPU
		{61B96245-1E21-4008-A021-DB20ECAE707F}.Debug|x64.Build.0 = Debug|Any CPU
		{61B96245-1E21-4008-A021-DB20ECAE707F}.Debug|x86.ActiveCfg = Debug|Any CPU
		{61B96245-1E21-4008-A021-DB20ECAE707F}.Debug|x86.Build.0 = Debug|Any CPU
		{61B96245-1E21-4008-A021-DB20ECAE707F}.Release|Any CPU.ActiveCfg = Release|Any CPU
		{61B96245-1E21-4008-A021-DB20ECAE707F}.Release|Any CPU.Build.0 = Release|Any CPU
		{61B96245-1E21-4008-A021-DB20ECAE707F}.Release|x64.ActiveCfg = Release|Any CPU
		{61B96245-1E21-4008-A021-DB20ECAE707F}.Release|x64.Build.0 = Release|Any CPU
		{61B96245-1E21-4008-A021-DB20ECAE707F}.Release|x86.ActiveCfg = Release|Any CPU
		{61B96245-1E21-4008-A021-DB20ECAE707F}.Release|x86.Build.0 = Release|Any CPU
		{4BBCAD2C-93CF-4525-B400-E0F364BC6D20}.Debug|Any CPU.ActiveCfg = Debug|Any CPU
		{4BBCAD2C-93CF-4525-B400-E0F364BC6D20}.Debug|Any CPU.Build.0 = Debug|Any CPU
		{4BBCAD2C-93CF-4525-B400-E0F364BC6D20}.Debug|x64.ActiveCfg = Debug|x64
		{4BBCAD2C-93CF-4525-B400-E0F364BC6D20}.Debug|x64.Build.0 = Debug|x64
		{4BBCAD2C-93CF-4525-B400-E0F364BC6D20}.Debug|x86.ActiveCfg = Debug|x86
		{4BBCAD2C-93CF-4525-B400-E0F364BC6D20}.Debug|x86.Build.0 = Debug|x86
		{4BBCAD2C-93CF-4525-B400-E0F364BC6D20}.Release|Any CPU.ActiveCfg = Release|Any CPU
		{4BBCAD2C-93CF-4525-B400-E0F364BC6D20}.Release|Any CPU.Build.0 = Release|Any CPU
		{4BBCAD2C-93CF-4525-B400-E0F364BC6D20}.Release|x64.ActiveCfg = Release|x64
		{4BBCAD2C-93CF-4525-B400-E0F364BC6D20}.Release|x64.Build.0 = Release|x64
		{4BBCAD2C-93CF-4525-B400-E0F364BC6D20}.Release|x86.ActiveCfg = Release|x86
		{4BBCAD2C-93CF-4525-B400-E0F364BC6D20}.Release|x86.Build.0 = Release|x86
		{A8A568FC-1841-48CB-948E-16887F96602E}.Debug|Any CPU.ActiveCfg = Debug|x86
		{A8A568FC-1841-48CB-948E-16887F96602E}.Debug|x64.ActiveCfg = Debug|x64
		{A8A568FC-1841-48CB-948E-16887F96602E}.Debug|x64.Build.0 = Debug|x64
		{A8A568FC-1841-48CB-948E-16887F96602E}.Debug|x86.ActiveCfg = Debug|x86
		{A8A568FC-1841-48CB-948E-16887F96602E}.Debug|x86.Build.0 = Debug|x86
		{A8A568FC-1841-48CB-948E-16887F96602E}.Release|Any CPU.ActiveCfg = Release|x86
		{A8A568FC-1841-48CB-948E-16887F96602E}.Release|x64.ActiveCfg = Release|x64
		{A8A568FC-1841-48CB-948E-16887F96602E}.Release|x64.Build.0 = Release|x64
		{A8A568FC-1841-48CB-948E-16887F96602E}.Release|x86.ActiveCfg = Release|x86
		{A8A568FC-1841-48CB-948E-16887F96602E}.Release|x86.Build.0 = Release|x86
	EndGlobalSection
	GlobalSection(SolutionProperties) = preSolution
		HideSolutionNode = FALSE
	EndGlobalSection
	GlobalSection(NestedProjects) = preSolution
		{CAEE4ECB-1448-4468-9776-01F5FEB188BE} = {BC7DAE32-56A5-47EC-811A-D0861DD01FFD}
		{C8841EB1-E5AE-44D2-B05E-AECA86542E94} = {BC7DAE32-56A5-47EC-811A-D0861DD01FFD}
		{A8A568FC-1841-48CB-948E-16887F96602E} = {BC7DAE32-56A5-47EC-811A-D0861DD01FFD}
	EndGlobalSection
	GlobalSection(ExtensibilityGlobals) = postSolution
		SolutionGuid = {AF6217EC-AB74-4700-8D1E-7CDAB1A527DE}
	EndGlobalSection
EndGlobal
