
Microsoft Visual Studio Solution File, Format Version 12.00
# Visual Studio Version 16
VisualStudioVersion = 16.0.29926.136
MinimumVisualStudioVersion = 10.0.40219.1
Project("{FAE04EC0-301F-11D3-BF4B-00C04F79EFBC}") = "CastIt", "CastIt\CastIt.csproj", "{644DE111-1F10-42A4-92A0-0E9F5217CC01}"
EndProject
Global
	GlobalSection(SolutionConfigurationPlatforms) = preSolution
		Debug|Any CPU = Debug|Any CPU
		Release|Any CPU = Release|Any CPU
	EndGlobalSection
	GlobalSection(ProjectConfigurationPlatforms) = postSolution
		{644DE111-1F10-42A4-92A0-0E9F5217CC01}.Debug|Any CPU.ActiveCfg = Debug|Any CPU
		{644DE111-1F10-42A4-92A0-0E9F5217CC01}.Debug|Any CPU.Build.0 = Debug|Any CPU
		{644DE111-1F10-42A4-92A0-0E9F5217CC01}.Release|Any CPU.ActiveCfg = Release|Any CPU
		{644DE111-1F10-42A4-92A0-0E9F5217CC01}.Release|Any CPU.Build.0 = Release|Any CPU
	EndGlobalSection
	GlobalSection(SolutionProperties) = preSolution
		HideSolutionNode = FALSE
	EndGlobalSection
	GlobalSection(ExtensibilityGlobals) = postSolution
		SolutionGuid = {AF6217EC-AB74-4700-8D1E-7CDAB1A527DE}
	EndGlobalSection
EndGlobal
